
Microsoft Visual Studio Solution File, Format Version 12.00
# Visual Studio Version 17
VisualStudioVersion = 17.1.32228.430
MinimumVisualStudioVersion = 10.0.40219.1
Project("{9A19103F-16F7-4668-BE54-9A1E7A4F7556}") = "OdeToFood", "OdeToFood.csproj", "{48D3A51F-BC87-421F-AA17-4FBBD2653404}"
EndProject
Project("{FAE04EC0-301F-11D3-BF4B-00C04F79EFBC}") = "OdeToFood.Core", "..\OdeToFood.Core\OdeToFood.Core.csproj", "{DCEF2042-42B5-41AB-A958-929E11B156D7}"
EndProject
Global
	GlobalSection(SolutionConfigurationPlatforms) = preSolution
		Debug|Any CPU = Debug|Any CPU
		Release|Any CPU = Release|Any CPU
	EndGlobalSection
	GlobalSection(ProjectConfigurationPlatforms) = postSolution
		{48D3A51F-BC87-421F-AA17-4FBBD2653404}.Debug|Any CPU.ActiveCfg = Debug|Any CPU
		{48D3A51F-BC87-421F-AA17-4FBBD2653404}.Debug|Any CPU.Build.0 = Debug|Any CPU
		{48D3A51F-BC87-421F-AA17-4FBBD2653404}.Release|Any CPU.ActiveCfg = Release|Any CPU
		{48D3A51F-BC87-421F-AA17-4FBBD2653404}.Release|Any CPU.Build.0 = Release|Any CPU
		{DCEF2042-42B5-41AB-A958-929E11B156D7}.Debug|Any CPU.ActiveCfg = Debug|Any CPU
		{DCEF2042-42B5-41AB-A958-929E11B156D7}.Debug|Any CPU.Build.0 = Debug|Any CPU
		{DCEF2042-42B5-41AB-A958-929E11B156D7}.Release|Any CPU.ActiveCfg = Release|Any CPU
		{DCEF2042-42B5-41AB-A958-929E11B156D7}.Release|Any CPU.Build.0 = Release|Any CPU
	EndGlobalSection
	GlobalSection(SolutionProperties) = preSolution
		HideSolutionNode = FALSE
	EndGlobalSection
	GlobalSection(ExtensibilityGlobals) = postSolution
		SolutionGuid = {1DAA6CDA-DF0A-4084-BAEF-720A7B95343E}
	EndGlobalSection
EndGlobal
